dependencies:
  espressif/cmake_utilities:
    component_hash: 9941c11223bbe015b5fe4b85ba6666b8ffde62008ec3512af91d90c482eb71d8
    source:
      service_url: https://api.components.espressif.com/
      type: service
    version: 0.5.1
  espressif__usb_stream:
    component_hash: null
    source:
      path: /home/grisha/src/mcu-playground/esp32s2-usb-camera-wifi-adapter-try-2/components/espressif__usb_stream
      type: local
    version: 1.1.1
  idf:
    component_hash: null
    source:
      type: idf
    version: 5.1.1
manifest_hash: e13a7da252971fa4dd1ddb74b7581383e53440e6bb347cf73865ddeac5aeca68
target: esp32s2
version: 1.0.0
