dependencies:
  espressif/cmake_utilities:
    component_hash: 9941c11223bbe015b5fe4b85ba6666b8ffde62008ec3512af91d90c482eb71d8
    source:
      service_url: https://api.components.espressif.com/
      type: service
    version: 0.5.1
  espressif/usb_stream:
    component_hash: df86e498441734cf2309dd322e2316ab034a7c9ea004497de1a93409b0817932
    source:
      service_url: https://api.components.espressif.com/
      type: service
    version: 1.1.1
  idf:
    component_hash: null
    source:
      type: idf
    version: 5.1.1
manifest_hash: c6c44f174dc344918ddf3b06abcc52598d0b9d005c4ce200319b7135cc2d8c83
target: esp32s2
version: 1.0.0
